
Microsoft Visual Studio Solution File, Format Version 12.00
# Visual Studio Version 16
VisualStudioVersion = 16.0.30907.101
MinimumVisualStudioVersion = 10.0.40219.1
Project("{2150E333-8FDC-42A3-9474-1A3956D46DE8}") = "Unidad1", "Unidad1", "{28AF2654-DF7A-454F-836E-E13B4EAF0594}"
EndProject
Project("{2150E333-8FDC-42A3-9474-1A3956D46DE8}") = "Unidad2", "Unidad2", "{7CC6EB18-ED7D-4F23-AA81-82EB7DD8F753}"
EndProject
Project("{2150E333-8FDC-42A3-9474-1A3956D46DE8}") = "Unidad3", "Unidad3", "{46DFC061-5F6A-4737-81D1-EDDF3CC12315}"
EndProject
Project("{2150E333-8FDC-42A3-9474-1A3956D46DE8}") = "Unidad4", "Unidad4", "{56152B66-A28B-44AD-A87B-AA0419DEA16B}"
EndProject
Project("{FAE04EC0-301F-11D3-BF4B-00C04F79EFBC}") = "CodeFirst.Android", "CodeFirst\CodeFirst.Android\CodeFirst.Android.csproj", "{F20F5241-0764-4B26-BF33-31E55B520FBA}"
EndProject
Project("{9A19103F-16F7-4668-BE54-9A1E7A4F7556}") = "CodeFirst", "CodeFirst\CodeFirst\CodeFirst.csproj", "{DF213DB1-2078-4647-B551-8AEB76EF7FBF}"
EndProject
Project("{FAE04EC0-301F-11D3-BF4B-00C04F79EFBC}") = "Memorama", "Memorama\Memorama.csproj", "{07BC4B60-5C93-4919-8766-EA434EF7530F}"
EndProject
Project("{FAE04EC0-301F-11D3-BF4B-00C04F79EFBC}") = "TarjetaDePerfil", "TarjetaDePerfil\TarjetaDePerfil.csproj", "{C9DBCCDE-0C45-4839-BBDC-D49388B1DCC2}"
EndProject
Project("{2150E333-8FDC-42A3-9474-1A3956D46DE8}") = "DataFirst", "DataFirst", "{39F9E9DA-07C3-4F20-8696-42B19114D160}"
EndProject
Project("{FAE04EC0-301F-11D3-BF4B-00C04F79EFBC}") = "DatabaseFirst", "DatabaseFirst\DatabaseFirst.csproj", "{6169E265-1EB0-4AAB-B3BF-920A1AF001AF}"
EndProject
Project("{FAE04EC0-301F-11D3-BF4B-00C04F79EFBC}") = "CatalogoDeSeries", "CatalogoDeSeries\CatalogoDeSeries.csproj", "{5747EB90-85FC-4E8D-B781-8B3A3739F059}"
EndProject
Project("{FAE04EC0-301F-11D3-BF4B-00C04F79EFBC}") = "Recetas", "Recetas\Recetas.csproj", "{3B5FEE75-3832-4E6A-BCBF-1DD63086CBC9}"
EndProject
Project("{FAE04EC0-301F-11D3-BF4B-00C04F79EFBC}") = "Mascotas.Android", "Mascotas\Mascotas.Android\Mascotas.Android.csproj", "{E4DFDB25-406C-41F5-AC2D-5DA46A5E2354}"
EndProject
Project("{FAE04EC0-301F-11D3-BF4B-00C04F79EFBC}") = "Mascotas", "Mascotas\Mascotas\Mascotas.csproj", "{6E07A844-0A3B-49D5-82FE-BEFC53FC33E4}"
EndProject
Global
	GlobalSection(SolutionConfigurationPlatforms) = preSolution
		Debug|Any CPU = Debug|Any CPU
		Release|Any CPU = Release|Any CPU
	EndGlobalSection
	GlobalSection(ProjectConfigurationPlatforms) = postSolution
		{F20F5241-0764-4B26-BF33-31E55B520FBA}.Debug|Any CPU.ActiveCfg = Debug|Any CPU
		{F20F5241-0764-4B26-BF33-31E55B520FBA}.Debug|Any CPU.Build.0 = Debug|Any CPU
		{F20F5241-0764-4B26-BF33-31E55B520FBA}.Debug|Any CPU.Deploy.0 = Debug|Any CPU
		{F20F5241-0764-4B26-BF33-31E55B520FBA}.Release|Any CPU.ActiveCfg = Release|Any CPU
		{F20F5241-0764-4B26-BF33-31E55B520FBA}.Release|Any CPU.Build.0 = Release|Any CPU
		{F20F5241-0764-4B26-BF33-31E55B520FBA}.Release|Any CPU.Deploy.0 = Release|Any CPU
		{DF213DB1-2078-4647-B551-8AEB76EF7FBF}.Debug|Any CPU.ActiveCfg = Debug|Any CPU
		{DF213DB1-2078-4647-B551-8AEB76EF7FBF}.Debug|Any CPU.Build.0 = Debug|Any CPU
		{DF213DB1-2078-4647-B551-8AEB76EF7FBF}.Release|Any CPU.ActiveCfg = Release|Any CPU
		{DF213DB1-2078-4647-B551-8AEB76EF7FBF}.Release|Any CPU.Build.0 = Release|Any CPU
		{07BC4B60-5C93-4919-8766-EA434EF7530F}.Debug|Any CPU.ActiveCfg = Debug|Any CPU
		{07BC4B60-5C93-4919-8766-EA434EF7530F}.Debug|Any CPU.Build.0 = Debug|Any CPU
		{07BC4B60-5C93-4919-8766-EA434EF7530F}.Release|Any CPU.ActiveCfg = Release|Any CPU
		{07BC4B60-5C93-4919-8766-EA434EF7530F}.Release|Any CPU.Build.0 = Release|Any CPU
		{C9DBCCDE-0C45-4839-BBDC-D49388B1DCC2}.Debug|Any CPU.ActiveCfg = Debug|Any CPU
		{C9DBCCDE-0C45-4839-BBDC-D49388B1DCC2}.Debug|Any CPU.Build.0 = Debug|Any CPU
		{C9DBCCDE-0C45-4839-BBDC-D49388B1DCC2}.Release|Any CPU.ActiveCfg = Release|Any CPU
		{C9DBCCDE-0C45-4839-BBDC-D49388B1DCC2}.Release|Any CPU.Build.0 = Release|Any CPU
		{6169E265-1EB0-4AAB-B3BF-920A1AF001AF}.Debug|Any CPU.ActiveCfg = Debug|Any CPU
		{6169E265-1EB0-4AAB-B3BF-920A1AF001AF}.Debug|Any CPU.Build.0 = Debug|Any CPU
		{6169E265-1EB0-4AAB-B3BF-920A1AF001AF}.Release|Any CPU.ActiveCfg = Release|Any CPU
		{6169E265-1EB0-4AAB-B3BF-920A1AF001AF}.Release|Any CPU.Build.0 = Release|Any CPU
		{5747EB90-85FC-4E8D-B781-8B3A3739F059}.Debug|Any CPU.ActiveCfg = Debug|Any CPU
		{5747EB90-85FC-4E8D-B781-8B3A3739F059}.Debug|Any CPU.Build.0 = Debug|Any CPU
		{5747EB90-85FC-4E8D-B781-8B3A3739F059}.Release|Any CPU.ActiveCfg = Release|Any CPU
		{5747EB90-85FC-4E8D-B781-8B3A3739F059}.Release|Any CPU.Build.0 = Release|Any CPU
		{3B5FEE75-3832-4E6A-BCBF-1DD63086CBC9}.Debug|Any CPU.ActiveCfg = Debug|Any CPU
		{3B5FEE75-3832-4E6A-BCBF-1DD63086CBC9}.Debug|Any CPU.Build.0 = Debug|Any CPU
		{3B5FEE75-3832-4E6A-BCBF-1DD63086CBC9}.Release|Any CPU.ActiveCfg = Release|Any CPU
		{3B5FEE75-3832-4E6A-BCBF-1DD63086CBC9}.Release|Any CPU.Build.0 = Release|Any CPU
		{E4DFDB25-406C-41F5-AC2D-5DA46A5E2354}.Debug|Any CPU.ActiveCfg = Debug|Any CPU
		{E4DFDB25-406C-41F5-AC2D-5DA46A5E2354}.Debug|Any CPU.Build.0 = Debug|Any CPU
		{E4DFDB25-406C-41F5-AC2D-5DA46A5E2354}.Debug|Any CPU.Deploy.0 = Debug|Any CPU
		{E4DFDB25-406C-41F5-AC2D-5DA46A5E2354}.Release|Any CPU.ActiveCfg = Release|Any CPU
		{E4DFDB25-406C-41F5-AC2D-5DA46A5E2354}.Release|Any CPU.Build.0 = Release|Any CPU
		{E4DFDB25-406C-41F5-AC2D-5DA46A5E2354}.Release|Any CPU.Deploy.0 = Release|Any CPU
		{6E07A844-0A3B-49D5-82FE-BEFC53FC33E4}.Debug|Any CPU.ActiveCfg = Debug|Any CPU
		{6E07A844-0A3B-49D5-82FE-BEFC53FC33E4}.Debug|Any CPU.Build.0 = Debug|Any CPU
		{6E07A844-0A3B-49D5-82FE-BEFC53FC33E4}.Release|Any CPU.ActiveCfg = Release|Any CPU
		{6E07A844-0A3B-49D5-82FE-BEFC53FC33E4}.Release|Any CPU.Build.0 = Release|Any CPU
	EndGlobalSection
	GlobalSection(SolutionProperties) = preSolution
		HideSolutionNode = FALSE
	EndGlobalSection
	GlobalSection(NestedProjects) = preSolution
		{F20F5241-0764-4B26-BF33-31E55B520FBA} = {56152B66-A28B-44AD-A87B-AA0419DEA16B}
		{DF213DB1-2078-4647-B551-8AEB76EF7FBF} = {56152B66-A28B-44AD-A87B-AA0419DEA16B}
		{07BC4B60-5C93-4919-8766-EA434EF7530F} = {28AF2654-DF7A-454F-836E-E13B4EAF0594}
		{C9DBCCDE-0C45-4839-BBDC-D49388B1DCC2} = {28AF2654-DF7A-454F-836E-E13B4EAF0594}
		{39F9E9DA-07C3-4F20-8696-42B19114D160} = {56152B66-A28B-44AD-A87B-AA0419DEA16B}
		{6169E265-1EB0-4AAB-B3BF-920A1AF001AF} = {39F9E9DA-07C3-4F20-8696-42B19114D160}
		{5747EB90-85FC-4E8D-B781-8B3A3739F059} = {7CC6EB18-ED7D-4F23-AA81-82EB7DD8F753}
		{3B5FEE75-3832-4E6A-BCBF-1DD63086CBC9} = {7CC6EB18-ED7D-4F23-AA81-82EB7DD8F753}
		{E4DFDB25-406C-41F5-AC2D-5DA46A5E2354} = {46DFC061-5F6A-4737-81D1-EDDF3CC12315}
		{6E07A844-0A3B-49D5-82FE-BEFC53FC33E4} = {46DFC061-5F6A-4737-81D1-EDDF3CC12315}
	EndGlobalSection
	GlobalSection(ExtensibilityGlobals) = postSolution
		SolutionGuid = {5B86B21D-6567-4BDE-BBEF-969CC19A7BD1}
	EndGlobalSection
EndGlobal
